
Microsoft Visual Studio Solution File, Format Version 12.00
# Visual Studio 15
VisualStudioVersion = 15.0.27428.2015
MinimumVisualStudioVersion = 10.0.40219.1
Project("{FAE04EC0-301F-11D3-BF4B-00C04F79EFBC}") = "ThongBaoSoEmail_Graphic", "ThongBaoSoEmail_Graphic\ThongBaoSoEmail_Graphic.csproj", "{10BC773A-C955-4B0E-8B67-E1C8B1712979}"
EndProject
Global
	GlobalSection(SolutionConfigurationPlatforms) = preSolution
		Debug|Any CPU = Debug|Any CPU
		Release|Any CPU = Release|Any CPU
	EndGlobalSection
	GlobalSection(ProjectConfigurationPlatforms) = postSolution
		{10BC773A-C955-4B0E-8B67-E1C8B1712979}.Debug|Any CPU.ActiveCfg = Debug|Any CPU
		{10BC773A-C955-4B0E-8B67-E1C8B1712979}.Debug|Any CPU.Build.0 = Debug|Any CPU
		{10BC773A-C955-4B0E-8B67-E1C8B1712979}.Release|Any CPU.ActiveCfg = Release|Any CPU
		{10BC773A-C955-4B0E-8B67-E1C8B1712979}.Release|Any CPU.Build.0 = Release|Any CPU
	EndGlobalSection
	GlobalSection(SolutionProperties) = preSolution
		HideSolutionNode = FALSE
	EndGlobalSection
	GlobalSection(ExtensibilityGlobals) = postSolution
		SolutionGuid = {2D4DDA44-D16B-4062-8C5E-8F9A95BE8129}
	EndGlobalSection
EndGlobal
